{
  "name": "git-fns",
  "version": "0.0.1",
  "lockfileVersion": 1,
  "requires": true,
  "dependencies": {
    "shellcheck": {
      "version": "0.4.1",
      "resolved": "https://registry.npmjs.org/shellcheck/-/shellcheck-0.4.1.tgz",
      "integrity": "sha512-tUQ/ccl9jYG8K3v/im94pk8hRkwk7AIgg8iXy7bJ4y5DGJRqtJTFYUWKy88HN9X+Ggxl371rvw0FqXfCRfLSSw==",
      "dev": true
    }
  }
}
