{
  "name": "git-fns",
  "version": "0.0.1",
  "lockfileVersion": 1,
  "requires": true,
  "dependencies": {
    "shellcheck": {
      "version": "0.4.4",
      "resolved": "https://registry.npmjs.org/shellcheck/-/shellcheck-0.4.4.tgz",
      "integrity": "sha512-d7LfrgEcGZes825x5Yehm6MkpfSQaDg4nP0VZEv7E2qX84zQXDbCdDvYJg9V9OByG2+h98Ol7nndixgGOj8cRQ==",
      "dev": true
    }
  }
}
